
Microsoft Visual Studio Solution File, Format Version 12.00
# Visual Studio Version 17
VisualStudioVersion = 17.0.31611.283
MinimumVisualStudioVersion = 10.0.40219.1
Project("{9A19103F-16F7-4668-BE54-9A1E7A4F7556}") = "WebViewHostExample", "WebViewHostExample\WebViewHostExample.csproj", "{814EF9C1-40E8-4BCE-AF52-3E72642DE6DD}"
EndProject
Project("{2150E333-8FDC-42A3-9474-1A3956D46DE8}") = "Solution Items", "Solution Items", "{B0ECF943-321E-485C-AB10-93AA3C4195FF}"
	ProjectSection(SolutionItems) = preProject
		LICENSE = LICENSE
		README.md = README.md
	EndProjectSection
EndProject
Project("{2150E333-8FDC-42A3-9474-1A3956D46DE8}") = "NewFolder1", "NewFolder1", "{B43AD0DD-B91C-4312-BC12-340205F9B1E9}"
EndProject
Global
	GlobalSection(SolutionConfigurationPlatforms) = preSolution
		Debug|Any CPU = Debug|Any CPU
		Debug|ARM = Debug|ARM
		Debug|ARM64 = Debug|ARM64
		Debug|x64 = Debug|x64
		Debug|x86 = Debug|x86
		Release|Any CPU = Release|Any CPU
		Release|ARM = Release|ARM
		Release|ARM64 = Release|ARM64
		Release|x64 = Release|x64
		Release|x86 = Release|x86
	EndGlobalSection
	GlobalSection(ProjectConfigurationPlatforms) = postSolution
		{814EF9C1-40E8-4BCE-AF52-3E72642DE6DD}.Debug|Any CPU.ActiveCfg = Debug|Any CPU
		{814EF9C1-40E8-4BCE-AF52-3E72642DE6DD}.Debug|Any CPU.Build.0 = Debug|Any CPU
		{814EF9C1-40E8-4BCE-AF52-3E72642DE6DD}.Debug|Any CPU.Deploy.0 = Debug|Any CPU
		{814EF9C1-40E8-4BCE-AF52-3E72642DE6DD}.Debug|ARM.ActiveCfg = Debug|Any CPU
		{814EF9C1-40E8-4BCE-AF52-3E72642DE6DD}.Debug|ARM.Build.0 = Debug|Any CPU
		{814EF9C1-40E8-4BCE-AF52-3E72642DE6DD}.Debug|ARM.Deploy.0 = Debug|Any CPU
		{814EF9C1-40E8-4BCE-AF52-3E72642DE6DD}.Debug|ARM64.ActiveCfg = Debug|Any CPU
		{814EF9C1-40E8-4BCE-AF52-3E72642DE6DD}.Debug|ARM64.Build.0 = Debug|Any CPU
		{814EF9C1-40E8-4BCE-AF52-3E72642DE6DD}.Debug|ARM64.Deploy.0 = Debug|Any CPU
		{814EF9C1-40E8-4BCE-AF52-3E72642DE6DD}.Debug|x64.ActiveCfg = Debug|Any CPU
		{814EF9C1-40E8-4BCE-AF52-3E72642DE6DD}.Debug|x64.Build.0 = Debug|Any CPU
		{814EF9C1-40E8-4BCE-AF52-3E72642DE6DD}.Debug|x64.Deploy.0 = Debug|Any CPU
		{814EF9C1-40E8-4BCE-AF52-3E72642DE6DD}.Debug|x86.ActiveCfg = Debug|Any CPU
		{814EF9C1-40E8-4BCE-AF52-3E72642DE6DD}.Debug|x86.Build.0 = Debug|Any CPU
		{814EF9C1-40E8-4BCE-AF52-3E72642DE6DD}.Debug|x86.Deploy.0 = Debug|Any CPU
		{814EF9C1-40E8-4BCE-AF52-3E72642DE6DD}.Release|Any CPU.ActiveCfg = Release|Any CPU
		{814EF9C1-40E8-4BCE-AF52-3E72642DE6DD}.Release|Any CPU.Build.0 = Release|Any CPU
		{814EF9C1-40E8-4BCE-AF52-3E72642DE6DD}.Release|Any CPU.Deploy.0 = Release|Any CPU
		{814EF9C1-40E8-4BCE-AF52-3E72642DE6DD}.Release|ARM.ActiveCfg = Release|Any CPU
		{814EF9C1-40E8-4BCE-AF52-3E72642DE6DD}.Release|ARM.Build.0 = Release|Any CPU
		{814EF9C1-40E8-4BCE-AF52-3E72642DE6DD}.Release|ARM.Deploy.0 = Release|Any CPU
		{814EF9C1-40E8-4BCE-AF52-3E72642DE6DD}.Release|ARM64.ActiveCfg = Release|Any CPU
		{814EF9C1-40E8-4BCE-AF52-3E72642DE6DD}.Release|ARM64.Build.0 = Release|Any CPU
		{814EF9C1-40E8-4BCE-AF52-3E72642DE6DD}.Release|ARM64.Deploy.0 = Release|Any CPU
		{814EF9C1-40E8-4BCE-AF52-3E72642DE6DD}.Release|x64.ActiveCfg = Release|Any CPU
		{814EF9C1-40E8-4BCE-AF52-3E72642DE6DD}.Release|x64.Build.0 = Release|Any CPU
		{814EF9C1-40E8-4BCE-AF52-3E72642DE6DD}.Release|x64.Deploy.0 = Release|Any CPU
		{814EF9C1-40E8-4BCE-AF52-3E72642DE6DD}.Release|x86.ActiveCfg = Release|Any CPU
		{814EF9C1-40E8-4BCE-AF52-3E72642DE6DD}.Release|x86.Build.0 = Release|Any CPU
		{814EF9C1-40E8-4BCE-AF52-3E72642DE6DD}.Release|x86.Deploy.0 = Release|Any CPU
	EndGlobalSection
	GlobalSection(SolutionProperties) = preSolution
		HideSolutionNode = FALSE
	EndGlobalSection
	GlobalSection(NestedProjects) = preSolution
		{B43AD0DD-B91C-4312-BC12-340205F9B1E9} = {B0ECF943-321E-485C-AB10-93AA3C4195FF}
	EndGlobalSection
	GlobalSection(ExtensibilityGlobals) = postSolution
		SolutionGuid = {61F7FB11-1E47-470C-91E2-47F8143E1572}
	EndGlobalSection
EndGlobal
